# This file is @generated by PDM.
# It is not intended for manual editing.

[[package]]
name = "atomicwrites"
version = "1.4.1"
requires_python = ">=2.7, !=3.0.*, !=3.1.*, !=3.2.*, !=3.3.*"
summary = "Atomic file writes."

[[package]]
name = "attrs"
version = "22.2.0"
requires_python = ">=3.6"
summary = "Classes Without Boilerplate"

[[package]]
name = "certifi"
version = "2022.12.7"
requires_python = ">=3.6"
summary = "Python package for providing Mozilla's CA Bundle."

[[package]]
name = "charset-normalizer"
version = "2.0.12"
requires_python = ">=3.5.0"
summary = "The Real First Universal Charset Detector. Open, modern and actively maintained alternative to Chardet."

[[package]]
name = "colorama"
version = "0.4.5"
requires_python = ">=2.7, !=3.0.*, !=3.1.*, !=3.2.*, !=3.3.*, !=3.4.*"
summary = "Cross-platform colored terminal text."

[[package]]
name = "commonmark"
version = "0.9.1"
summary = "Python parser for the CommonMark Markdown spec"

[[package]]
name = "dataclasses"
version = "0.8"
requires_python = ">=3.6, <3.7"
summary = "A backport of the dataclasses module for Python 3.6"

[[package]]
name = "docker"
version = "5.0.3"
requires_python = ">=3.6"
summary = "A Python library for the Docker Engine API."
dependencies = [
    "pywin32==227; sys_platform == \"win32\"",
    "requests!=2.18.0,>=2.14.2",
    "websocket-client>=0.32.0",
]

[[package]]
name = "idna"
version = "3.4"
requires_python = ">=3.5"
summary = "Internationalized Domain Names in Applications (IDNA)"

[[package]]
name = "importlib-metadata"
version = "4.8.3"
requires_python = ">=3.6"
summary = "Read metadata from Python packages"
dependencies = [
    "typing-extensions>=3.6.4; python_version < \"3.8\"",
    "zipp>=0.5",
]

[[package]]
name = "iniconfig"
version = "1.1.1"
summary = "iniconfig: brain-dead simple config-ini parsing"

[[package]]
name = "mypy"
version = "0.971"
requires_python = ">=3.6"
summary = "Optional static typing for Python"
dependencies = [
    "mypy-extensions>=0.4.3",
    "tomli>=1.1.0; python_version < \"3.11\"",
    "typed-ast<2,>=1.4.0; python_version < \"3.8\"",
    "typing-extensions>=3.10",
]

[[package]]
name = "mypy-extensions"
version = "1.0.0"
requires_python = ">=3.5"
summary = "Type system extensions for programs checked with the mypy type checker."

[[package]]
name = "packaging"
version = "21.3"
requires_python = ">=3.6"
summary = "Core utilities for Python packages"
dependencies = [
    "pyparsing!=3.0.5,>=2.0.2",
]

[[package]]
name = "pluggy"
version = "1.0.0"
requires_python = ">=3.6"
summary = "plugin and hook calling mechanisms for python"
dependencies = [
    "importlib-metadata>=0.12; python_version < \"3.8\"",
]

[[package]]
name = "py"
version = "1.11.0"
requires_python = ">=2.7, !=3.0.*, !=3.1.*, !=3.2.*, !=3.3.*, !=3.4.*"
summary = "library with cross-python path, ini-parsing, io, code, log facilities"

[[package]]
name = "pygments"
version = "2.14.0"
requires_python = ">=3.6"
summary = "Pygments is a syntax highlighting package written in Python."

[[package]]
name = "pyparsing"
version = "3.0.7"
requires_python = ">=3.6"
summary = "Python parsing module"

[[package]]
name = "pytest"
version = "7.0.1"
requires_python = ">=3.6"
summary = "pytest: simple powerful testing with Python"
dependencies = [
    "atomicwrites>=1.0; sys_platform == \"win32\"",
    "attrs>=19.2.0",
    "colorama; sys_platform == \"win32\"",
    "importlib-metadata>=0.12; python_version < \"3.8\"",
    "iniconfig",
    "packaging",
    "pluggy<2.0,>=0.12",
    "py>=1.8.2",
    "tomli>=1.0.0",
]

[[package]]
name = "pywin32"
version = "227"
summary = "Python for Window Extensions"

[[package]]
name = "requests"
version = "2.27.1"
requires_python = ">=2.7, !=3.0.*, !=3.1.*, !=3.2.*, !=3.3.*, !=3.4.*, !=3.5.*"
summary = "Python HTTP for Humans."
dependencies = [
    "certifi>=2017.4.17",
    "charset-normalizer~=2.0.0; python_version >= \"3\"",
    "idna<4,>=2.5; python_version >= \"3\"",
    "urllib3<1.27,>=1.21.1",
]

[[package]]
name = "rich"
version = "10.11.0"
requires_python = ">=3.6,<4.0"
summary = "Render rich text, tables, progress bars, syntax highlighting, markdown and more to the terminal"
dependencies = [
    "colorama<0.5.0,>=0.4.0",
    "commonmark<0.10.0,>=0.9.0",
    "dataclasses<0.9,>=0.7; python_version >= \"3.6\" and python_version < \"3.7\"",
    "pygments<3.0.0,>=2.6.0",
    "typing-extensions<4.0.0,>=3.7.4; python_version < \"3.8\"",
]

[[package]]
name = "tomli"
version = "1.2.3"
requires_python = ">=3.6"
summary = "A lil' TOML parser"

[[package]]
name = "typed-ast"
version = "1.5.4"
requires_python = ">=3.6"
summary = "a fork of Python 2 and 3 ast modules with type comment support"

[[package]]
name = "typing-extensions"
version = "3.10.0.2"
summary = "Backported and Experimental Type Hints for Python 3.5+"

[[package]]
name = "urllib3"
version = "1.26.15"
requires_python = ">=2.7, !=3.0.*, !=3.1.*, !=3.2.*, !=3.3.*, !=3.4.*, !=3.5.*"
summary = "HTTP library with thread-safe connection pooling, file post, and more."

[[package]]
name = "websocket-client"
version = "1.3.1"
requires_python = ">=3.6"
summary = "WebSocket client for Python with low level API options"

[[package]]
name = "zipp"
version = "3.6.0"
requires_python = ">=3.6"
summary = "Backport of pathlib-compatible object wrapper for zip files"

[metadata]
lock_version = "4.1"
content_hash = "sha256:0bbf6057d64dc5b57d6e51ac36960785d13c44c95b89c7bc287de5e6339679a6"

[metadata.files]
"atomicwrites 1.4.1" = [
    {url = "https://pypi.tuna.tsinghua.edu.cn/packages/87/c6/53da25344e3e3a9c01095a89f16dbcda021c609ddb42dd6d7c0528236fb2/atomicwrites-1.4.1.tar.gz", hash = "sha256:81b2c9071a49367a7f770170e5eec8cb66567cfbbc8c73d20ce5ca4a8d71cf11"},
]
"attrs 22.2.0" = [
    {url = "https://pypi.tuna.tsinghua.edu.cn/packages/21/31/3f468da74c7de4fcf9b25591e682856389b3400b4b62f201e65f15ea3e07/attrs-22.2.0.tar.gz", hash = "sha256:c9227bfc2f01993c03f68db37d1d15c9690188323c067c641f1a35ca58185f99"},
    {url = "https://pypi.tuna.tsinghua.edu.cn/packages/fb/6e/6f83bf616d2becdf333a1640f1d463fef3150e2e926b7010cb0f81c95e88/attrs-22.2.0-py3-none-any.whl", hash = "sha256:29e95c7f6778868dbd49170f98f8818f78f3dc5e0e37c0b1f474e3561b240836"},
]
"certifi 2022.12.7" = [
    {url = "https://pypi.tuna.tsinghua.edu.cn/packages/37/f7/2b1b0ec44fdc30a3d31dfebe52226be9ddc40cd6c0f34ffc8923ba423b69/certifi-2022.12.7.tar.gz", hash = "sha256:35824b4c3a97115964b408844d64aa14db1cc518f6562e8d7261699d1350a9e3"},
    {url = "https://pypi.tuna.tsinghua.edu.cn/packages/71/4c/3db2b8021bd6f2f0ceb0e088d6b2d49147671f25832fb17970e9b583d742/certifi-2022.12.7-py3-none-any.whl", hash = "sha256:4ad3232f5e926d6718ec31cfc1fcadfde020920e278684144551c91769c7bc18"},
]
"charset-normalizer 2.0.12" = [
    {url = "https://pypi.tuna.tsinghua.edu.cn/packages/06/b3/24afc8868eba069a7f03650ac750a778862dc34941a4bebeb58706715726/charset_normalizer-2.0.12-py3-none-any.whl", hash = "sha256:6881edbebdb17b39b4eaaa821b438bf6eddffb4468cf344f09f89def34a8b1df"},
    {url = "https://pypi.tuna.tsinghua.edu.cn/packages/56/31/7bcaf657fafb3c6db8c787a865434290b726653c912085fbd371e9b92e1c/charset-normalizer-2.0.12.tar.gz", hash = "sha256:2857e29ff0d34db842cd7ca3230549d1a697f96ee6d3fb071cfa6c7393832597"},
]
"colorama 0.4.5" = [
    {url = "https://pypi.tuna.tsinghua.edu.cn/packages/2b/65/24d033a9325ce42ccbfa3ca2d0866c7e89cc68e5b9d92ecaba9feef631df/colorama-0.4.5.tar.gz", hash = "sha256:e6c6b4334fc50988a639d9b98aa429a0b57da6e17b9a44f0451f930b6967b7a4"},
    {url = "https://pypi.tuna.tsinghua.edu.cn/packages/77/8b/7550e87b2d308a1b711725dfaddc19c695f8c5fa413c640b2be01662f4e6/colorama-0.4.5-py2.py3-none-any.whl", hash = "sha256:854bf444933e37f5824ae7bfc1e98d5bce2ebe4160d46b5edf346a89358e99da"},
]
"commonmark 0.9.1" = [
    {url = "https://pypi.tuna.tsinghua.edu.cn/packages/60/48/a60f593447e8f0894ebb7f6e6c1f25dafc5e89c5879fdc9360ae93ff83f0/commonmark-0.9.1.tar.gz", hash = "sha256:452f9dc859be7f06631ddcb328b6919c67984aca654e5fefb3914d54691aed60"},
    {url = "https://pypi.tuna.tsinghua.edu.cn/packages/b1/92/dfd892312d822f36c55366118b95d914e5f16de11044a27cf10a7d71bbbf/commonmark-0.9.1-py2.py3-none-any.whl", hash = "sha256:da2f38c92590f83de410ba1a3cbceafbc74fee9def35f9251ba9a971d6d66fd9"},
]
"dataclasses 0.8" = [
    {url = "https://pypi.tuna.tsinghua.edu.cn/packages/1f/12/7919c5d8b9c497f9180db15ea8ead6499812ea8264a6ae18766d93c59fe5/dataclasses-0.8.tar.gz", hash = "sha256:8479067f342acf957dc82ec415d355ab5edb7e7646b90dc6e2fd1d96ad084c97"},
    {url = "https://pypi.tuna.tsinghua.edu.cn/packages/fe/ca/75fac5856ab5cfa51bbbcefa250182e50441074fdc3f803f6e76451fab43/dataclasses-0.8-py3-none-any.whl", hash = "sha256:0201d89fa866f68c8ebd9d08ee6ff50c0b255f8ec63a71c16fda7af82bb887bf"},
]
"docker 5.0.3" = [
    {url = "https://pypi.tuna.tsinghua.edu.cn/packages/54/f3/7af47ead249fbb798d64a0438bad5c26f17ef6ac5cd324d802038eb10d90/docker-5.0.3-py2.py3-none-any.whl", hash = "sha256:7a79bb439e3df59d0a72621775d600bc8bc8b422d285824cb37103eab91d1ce0"},
    {url = "https://pypi.tuna.tsinghua.edu.cn/packages/ab/d2/45ea0ee13c6cffac96c32ac36db0299932447a736660537ec31ec3a6d877/docker-5.0.3.tar.gz", hash = "sha256:d916a26b62970e7c2f554110ed6af04c7ccff8e9f81ad17d0d40c75637e227fb"},
]
"idna 3.4" = [
    {url = "https://pypi.tuna.tsinghua.edu.cn/packages/8b/e1/43beb3d38dba6cb420cefa297822eac205a277ab43e5ba5d5c46faf96438/idna-3.4.tar.gz", hash = "sha256:814f528e8dead7d329833b91c5faa87d60bf71824cd12a7530b5526063d02cb4"},
    {url = "https://pypi.tuna.tsinghua.edu.cn/packages/fc/34/3030de6f1370931b9dbb4dad48f6ab1015ab1d32447850b9fc94e60097be/idna-3.4-py3-none-any.whl", hash = "sha256:90b77e79eaa3eba6de819a0c442c0b4ceefc341a7a2ab77d7562bf49f425c5c2"},
]
"importlib-metadata 4.8.3" = [
    {url = "https://pypi.tuna.tsinghua.edu.cn/packages/85/ed/e65128cc5cb1580f22ee3009d9187ecdfcc43ffb3b581fe854b24e87d8e7/importlib_metadata-4.8.3.tar.gz", hash = "sha256:766abffff765960fcc18003801f7044eb6755ffae4521c8e8ce8e83b9c9b0668"},
    {url = "https://pypi.tuna.tsinghua.edu.cn/packages/a0/a1/b153a0a4caf7a7e3f15c2cd56c7702e2cf3d89b1b359d1f1c5e59d68f4ce/importlib_metadata-4.8.3-py3-none-any.whl", hash = "sha256:65a9576a5b2d58ca44d133c42a241905cc45e34d2c06fd5ba2bafa221e5d7b5e"},
]
"iniconfig 1.1.1" = [
    {url = "https://pypi.tuna.tsinghua.edu.cn/packages/23/a2/97899f6bd0e873fed3a7e67ae8d3a08b21799430fb4da15cfedf10d6e2c2/iniconfig-1.1.1.tar.gz", hash = "sha256:bc3af051d7d14b2ee5ef9969666def0cd1a000e121eaea580d4a313df4b37f32"},
    {url = "https://pypi.tuna.tsinghua.edu.cn/packages/9b/dd/b3c12c6d707058fa947864b67f0c4e0c39ef8610988d7baea9578f3c48f3/iniconfig-1.1.1-py2.py3-none-any.whl", hash = "sha256:011e24c64b7f47f6ebd835bb12a743f2fbe9a26d4cecaa7f53bc4f35ee9da8b3"},
]
"mypy 0.971" = [
    {url = "https://pypi.tuna.tsinghua.edu.cn/packages/01/2d/7aab0a38e05dcaf14bf1f3e238f1c1a6f7bc16065eb1db8ffed62f860d27/mypy-0.971-cp39-cp39-macosx_10_9_universal2.whl", hash = "sha256:1f7656b69974a6933e987ee8ffb951d836272d6c0f81d727f1d0e2696074d9e6"},
    {url = "https://pypi.tuna.tsinghua.edu.cn/packages/0b/02/644d6c498e9379f76ce5128a15f92281621770510f0fb9e321b530e1cd2c/mypy-0.971-cp39-cp39-macosx_11_0_arm64.whl", hash = "sha256:ef943c72a786b0f8d90fd76e9b39ce81fb7171172daf84bf43eaf937e9f220a9"},
    {url = "https://pypi.tuna.tsinghua.edu.cn/packages/15/61/ffc2cf8cd1507f29444a50d0a93ecd3cc9a267c019f8c705447f40b6180d/mypy-0.971-cp39-cp39-macosx_10_9_x86_64.whl", hash = "sha256:d2022bfadb7a5c2ef410d6a7c9763188afdb7f3533f22a0a32be10d571ee4bbe"},
    {url = "https://pypi.tuna.tsinghua.edu.cn/packages/18/e1/d3e577229691dae4c8039cd87ef981482812ba7c5f5999fd67127af0f8a1/mypy-0.971-cp310-cp310-macosx_10_9_x86_64.whl", hash = "sha256:98e02d56ebe93981c41211c05adb630d1d26c14195d04d95e49cd97dbc046dc5"},
    {url = "https://pypi.tuna.tsinghua.edu.cn/packages/28/2f/30dcdd46de1d19340da8b9e8fb41d907001d8f9b8c3d443d5128925e10b2/mypy-0.971-cp37-cp37m-win_amd64.whl", hash = "sha256:4b21e5b1a70dfb972490035128f305c39bc4bc253f34e96a4adf9127cf943eb2"},
    {url = "https://pypi.tuna.tsinghua.edu.cn/packages/2c/97/ff71b0cdf61065db040ffe34ae88852d2a47de8b2b49c51608caf03771ed/mypy-0.971-cp310-cp310-macosx_10_9_universal2.whl", hash = "sha256:f2899a3cbd394da157194f913a931edfd4be5f274a88041c9dc2d9cdcb1c315c"},
    {url = "https://pypi.tuna.tsinghua.edu.cn/packages/2f/bb/636978d06c59d632a79684583b3afad5998b221c0f907b9c458398d10710/mypy-0.971-cp37-cp37m-manylinux_2_5_x86_64.manylinux1_x86_64.manylinux_2_12_x86_64.manylinux2010_x86_64.whl", hash = "sha256:23488a14a83bca6e54402c2e6435467a4138785df93ec85aeff64c6170077fb0"},
    {url = "https://pypi.tuna.tsinghua.edu.cn/packages/34/6f/232461e55913d1320f33fc7e8fa8119af9db6182876093e9de189df9dbbe/mypy-0.971-cp38-cp38-manylinux_2_5_x86_64.manylinux1_x86_64.manylinux_2_12_x86_64.manylinux2010_x86_64.whl", hash = "sha256:d1ea5d12c8e2d266b5fb8c7a5d2e9c0219fedfeb493b7ed60cd350322384ac27"},
    {url = "https://pypi.tuna.tsinghua.edu.cn/packages/4c/7f/c20f9283d6659c6ebf790cbc4c12183ceaa4adf8c03df15369c220b2c03a/mypy-0.971-cp38-cp38-macosx_10_9_x86_64.whl", hash = "sha256:5a361d92635ad4ada1b1b2d3630fc2f53f2127d51cf2def9db83cba32e47c856"},
    {url = "https://pypi.tuna.tsinghua.edu.cn/packages/5e/66/00f7f751140fe6953603fb0cd56dee0314842cfe358884ca3025589ca81c/mypy-0.971.tar.gz", hash = "sha256:40b0f21484238269ae6a57200c807d80debc6459d444c0489a102d7c6a75fa56"},
    {url = "https://pypi.tuna.tsinghua.edu.cn/packages/6c/c6/20dd5b70962af557101b2d3a7052f8298a3e94708b62bc5ad7ca713b59bb/mypy-0.971-py3-none-any.whl", hash = "sha256:0d054ef16b071149917085f51f89555a576e2618d5d9dd70bd6eea6410af3ac9"},
    {url = "https://pypi.tuna.tsinghua.edu.cn/packages/74/e5/e65b82813bdea739266e590e5fda72ec991c3e1223135342724a997fb3ff/mypy-0.971-cp38-cp38-win_amd64.whl", hash = "sha256:23c7ff43fff4b0df93a186581885c8512bc50fc4d4910e0f838e35d6bb6b5e58"},
    {url = "https://pypi.tuna.tsinghua.edu.cn/packages/77/91/53304c05871cc38e95e7e5c3e2d0f84c1822d61a731c02434a20b12ea118/mypy-0.971-cp39-cp39-win_amd64.whl", hash = "sha256:77a514ea15d3007d33a9e2157b0ba9c267496acf12a7f2b9b9f8446337aac5b0"},
    {url = "https://pypi.tuna.tsinghua.edu.cn/packages/77/a8/adecd715710c9338586af6a6fe66055a6b4c6799364fbe24505154ca8fd4/mypy-0.971-cp38-cp38-macosx_10_9_universal2.whl", hash = "sha256:9796a2ba7b4b538649caa5cecd398d873f4022ed2333ffde58eaf604c4d2cb27"},
    {url = "https://pypi.tuna.tsinghua.edu.cn/packages/94/3a/6279b09780ad0190c93f710ab0c5509c977e9f25b27bdea33758445e8e3f/mypy-0.971-cp36-cp36m-manylinux_2_5_x86_64.manylinux1_x86_64.manylinux_2_12_x86_64.manylinux2010_x86_64.whl", hash = "sha256:3fa7a477b9900be9b7dd4bab30a12759e5abe9586574ceb944bc29cddf8f0417"},
    {url = "https://pypi.tuna.tsinghua.edu.cn/packages/9a/f6/51c1fe6dcd657fbecb130bd78ea665a26e0c44e637373de6ac141a54f83c/mypy-0.971-cp39-cp39-manylinux_2_5_x86_64.manylinux1_x86_64.manylinux_2_12_x86_64.manylinux2010_x86_64.whl", hash = "sha256:d744f72eb39f69312bc6c2abf8ff6656973120e2eb3f3ec4f758ed47e414a4bf"},
    {url = "https://pypi.tuna.tsinghua.edu.cn/packages/9e/01/a81de921bc3efde879f6eab5ff4d4bb33b037581f78eccfa28a47105d0b3/mypy-0.971-cp310-cp310-win_amd64.whl", hash = "sha256:25c5750ba5609a0c7550b73a33deb314ecfb559c350bb050b655505e8aed4103"},
    {url = "https://pypi.tuna.tsinghua.edu.cn/packages/a3/1c/97a81d851751b3393989078a9a833149a26c341aa799c6d9419871aec1af/mypy-0.971-cp36-cp36m-win_amd64.whl", hash = "sha256:2ad53cf9c3adc43cf3bea0a7d01a2f2e86db9fe7596dfecb4496a5dda63cbb09"},
    {url = "https://pypi.tuna.tsinghua.edu.cn/packages/b4/04/ea16449bb496794508a1834ce69fa1630e96291360bbacaf5439af370573/mypy-0.971-cp37-cp37m-macosx_10_9_x86_64.whl", hash = "sha256:855048b6feb6dfe09d3353466004490b1872887150c5bb5caad7838b57328cc8"},
    {url = "https://pypi.tuna.tsinghua.edu.cn/packages/c7/13/8202db537028ac473c05f43c046bf547a0c4be0454d9ddab0c7a68525ee9/mypy-0.971-cp38-cp38-macosx_11_0_arm64.whl", hash = "sha256:b793b899f7cf563b1e7044a5c97361196b938e92f0a4343a5d27966a53d2ec71"},
    {url = "https://pypi.tuna.tsinghua.edu.cn/packages/eb/a3/cb03e2131fe4253a6d942de668c689a1e6b61a237075b4b1c2527d92842c/mypy-0.971-cp36-cp36m-macosx_10_9_x86_64.whl", hash = "sha256:d3348e7eb2eea2472db611486846742d5d52d1290576de99d59edeb7cd4a42ca"},
    {url = "https://pypi.tuna.tsinghua.edu.cn/packages/f0/b7/d39405fb53e0ae99c26cba3c8ab50717eafb7aeb64beea6efbd42a17ef82/mypy-0.971-cp310-cp310-manylinux_2_5_x86_64.manylinux1_x86_64.manylinux_2_12_x86_64.manylinux2010_x86_64.whl", hash = "sha256:02ef476f6dcb86e6f502ae39a16b93285fef97e7f1ff22932b657d1ef1f28655"},
    {url = "https://pypi.tuna.tsinghua.edu.cn/packages/f9/be/e5c50777159473c8dfb7cb512e62fbca19df4a6e9db711f17d77c14fb62b/mypy-0.971-cp310-cp310-macosx_11_0_arm64.whl", hash = "sha256:19830b7dba7d5356d3e26e2427a2ec91c994cd92d983142cbd025ebe81d69cf3"},
]
"mypy-extensions 1.0.0" = [
    {url = "https://pypi.tuna.tsinghua.edu.cn/packages/2a/e2/5d3f6ada4297caebe1a2add3b126fe800c96f56dbe5d1988a2cbe0b267aa/mypy_extensions-1.0.0-py3-none-any.whl", hash = "sha256:4392f6c0eb8a5668a69e23d168ffa70f0be9ccfd32b5cc2d26a34ae5b844552d"},
    {url = "https://pypi.tuna.tsinghua.edu.cn/packages/98/a4/1ab47638b92648243faf97a5aeb6ea83059cc3624972ab6b8d2316078d3f/mypy_extensions-1.0.0.tar.gz", hash = "sha256:75dbf8955dc00442a438fc4d0666508a9a97b6bd41aa2f0ffe9d2f2725af0782"},
]
"packaging 21.3" = [
    {url = "https://pypi.tuna.tsinghua.edu.cn/packages/05/8e/8de486cbd03baba4deef4142bd643a3e7bbe954a784dc1bb17142572d127/packaging-21.3-py3-none-any.whl", hash = "sha256:ef103e05f519cdc783ae24ea4e2e0f508a9c99b2d4969652eed6a2e1ea5bd522"},
    {url = "https://pypi.tuna.tsinghua.edu.cn/packages/df/9e/d1a7217f69310c1db8fdf8ab396229f55a699ce34a203691794c5d1cad0c/packaging-21.3.tar.gz", hash = "sha256:dd47c42927d89ab911e606518907cc2d3a1f38bbd026385970643f9c5b8ecfeb"},
]
"pluggy 1.0.0" = [
    {url = "https://pypi.tuna.tsinghua.edu.cn/packages/9e/01/f38e2ff29715251cf25532b9082a1589ab7e4f571ced434f98d0139336dc/pluggy-1.0.0-py2.py3-none-any.whl", hash = "sha256:74134bbf457f031a36d68416e1509f34bd5ccc019f0bcc952c7b909d06b37bd3"},
    {url = "https://pypi.tuna.tsinghua.edu.cn/packages/a1/16/db2d7de3474b6e37cbb9c008965ee63835bba517e22cdb8c35b5116b5ce1/pluggy-1.0.0.tar.gz", hash = "sha256:4224373bacce55f955a878bf9cfa763c1e360858e330072059e10bad68531159"},
]
"py 1.11.0" = [
    {url = "https://pypi.tuna.tsinghua.edu.cn/packages/98/ff/fec109ceb715d2a6b4c4a85a61af3b40c723a961e8828319fbcb15b868dc/py-1.11.0.tar.gz", hash = "sha256:51c75c4126074b472f746a24399ad32f6053d1b34b68d2fa41e558e6f4a98719"},
    {url = "https://pypi.tuna.tsinghua.edu.cn/packages/f6/f0/10642828a8dfb741e5f3fbaac830550a518a775c7fff6f04a007259b0548/py-1.11.0-py2.py3-none-any.whl", hash = "sha256:607c53218732647dff4acdfcd50cb62615cedf612e72d1724fb1a0cc6405b378"},
]
"pygments 2.14.0" = [
    {url = "https://pypi.tuna.tsinghua.edu.cn/packages/0b/42/d9d95cc461f098f204cd20c85642ae40fbff81f74c300341b8d0e0df14e0/Pygments-2.14.0-py3-none-any.whl", hash = "sha256:fa7bd7bd2771287c0de303af8bfdfc731f51bd2c6a47ab69d117138893b82717"},
    {url = "https://pypi.tuna.tsinghua.edu.cn/packages/da/6a/c427c06913204e24de28de5300d3f0e809933f376e0b7df95194b2bb3f71/Pygments-2.14.0.tar.gz", hash = "sha256:b3ed06a9e8ac9a9aae5a6f5dbe78a8a58655d17b43b93c078f094ddc476ae297"},
]
"pyparsing 3.0.7" = [
    {url = "https://pypi.tuna.tsinghua.edu.cn/packages/80/c1/23fd82ad3121656b585351aba6c19761926bb0db2ebed9e4ff09a43a3fcc/pyparsing-3.0.7-py3-none-any.whl", hash = "sha256:a6c06a88f252e6c322f65faf8f418b16213b51bdfaece0524c1c1bc30c63c484"},
    {url = "https://pypi.tuna.tsinghua.edu.cn/packages/d6/60/9bed18f43275b34198eb9720d4c1238c68b3755620d20df0afd89424d32b/pyparsing-3.0.7.tar.gz", hash = "sha256:18ee9022775d270c55187733956460083db60b37d0d0fb357445f3094eed3eea"},
]
"pytest 7.0.1" = [
    {url = "https://pypi.tuna.tsinghua.edu.cn/packages/38/93/c7c0bd1e932b287fb948eb9ce5a3d6307c9fc619db1e199f8c8bc5dad95f/pytest-7.0.1-py3-none-any.whl", hash = "sha256:9ce3ff477af913ecf6321fe337b93a2c0dcf2a0a1439c43f5452112c1e4280db"},
    {url = "https://pypi.tuna.tsinghua.edu.cn/packages/3e/2c/a67ad48759051c7abf82ce182a4e6d766de371b183182d2dde03089e8dfb/pytest-7.0.1.tar.gz", hash = "sha256:e30905a0c131d3d94b89624a1cc5afec3e0ba2fbdb151867d8e0ebd49850f171"},
]
"pywin32 227" = [
    {url = "https://pypi.tuna.tsinghua.edu.cn/packages/17/6f/2cd5c3246f06513f4c369070d91286313b83b3178e886724d47f3c2be45d/pywin32-227-cp37-cp37m-win32.whl", hash = "sha256:47a3c7551376a865dd8d095a98deba954a98f326c6fe3c72d8726ca6e6b15507"},
    {url = "https://pypi.tuna.tsinghua.edu.cn/packages/50/9f/d513d19e93c9967dd32734893e67ef8e3664fa9f26d36b3ef708dd5e7ef2/pywin32-227-cp35-cp35m-win_amd64.whl", hash = "sha256:a929a4af626e530383a579431b70e512e736e9588106715215bf685a3ea508d4"},
    {url = "https://pypi.tuna.tsinghua.edu.cn/packages/56/74/3382d6a06050516f152ac703705794da033b92fc6385fda445631d645612/pywin32-227-cp39-cp39-win_amd64.whl", hash = "sha256:f27cec5e7f588c3d1051651830ecc00294f90728d19c3bf6916e6dba93ea357c"},
    {url = "https://pypi.tuna.tsinghua.edu.cn/packages/78/81/6af315d1dbba278c44306f727d082048d385f6d4e5905aa95b3af14559e9/pywin32-227-cp27-cp27m-win32.whl", hash = "sha256:371fcc39416d736401f0274dd64c2302728c9e034808e37381b5e1b22be4a6b0"},
    {url = "https://pypi.tuna.tsinghua.edu.cn/packages/9d/c9/953c3844d046577f5617f927d5c15760ef320e01699e4fd6d214917199c1/pywin32-227-cp39-cp39-win32.whl", hash = "sha256:c054c52ba46e7eb6b7d7dfae4dbd987a1bb48ee86debe3f245a2884ece46e295"},
    {url = "https://pypi.tuna.tsinghua.edu.cn/packages/9f/cb/d693f7cdaed51d83bfec5c77a9fa895c1a5a18cf242ba53b06b98ee366dd/pywin32-227-cp38-cp38-win32.whl", hash = "sha256:7f18199fbf29ca99dff10e1f09451582ae9e372a892ff03a28528a24d55875bc"},
    {url = "https://pypi.tuna.tsinghua.edu.cn/packages/a2/e6/6b395ea8bc9500158adea646e28077adb7f3d9587c681fd5d03693a4b5dc/pywin32-227-cp27-cp27m-win_amd64.whl", hash = "sha256:4cdad3e84191194ea6d0dd1b1b9bdda574ff563177d2adf2b4efec2a244fa116"},
    {url = "https://pypi.tuna.tsinghua.edu.cn/packages/bb/23/00fe4fbf9963f3bcb34a443eba0d0283fc51e5887d4045552c87490394e4/pywin32-227-cp37-cp37m-win_amd64.whl", hash = "sha256:31f88a89139cb2adc40f8f0e65ee56a8c585f629974f9e07622ba80199057511"},
    {url = "https://pypi.tuna.tsinghua.edu.cn/packages/cf/06/0d55292927ada3f8516e437292d85e33d6f763dd2dcc6b95f62a91ad9740/pywin32-227-cp38-cp38-win_amd64.whl", hash = "sha256:7c1ae32c489dc012930787f06244426f8356e129184a02c25aef163917ce158e"},
    {url = "https://pypi.tuna.tsinghua.edu.cn/packages/e4/62/95d915898133585200b2c23e09bac7b95e3af980c057d68a29f5d80825db/pywin32-227-cp35-cp35m-win32.whl", hash = "sha256:f4c5be1a293bae0076d93c88f37ee8da68136744588bc5e2be2f299a34ceb7aa"},
    {url = "https://pypi.tuna.tsinghua.edu.cn/packages/e9/5a/04eaf2ae543fb078f1e6f9be7c29149846e3f054a4111bfdfdd3510b7f58/pywin32-227-cp36-cp36m-win32.whl", hash = "sha256:300a2db938e98c3e7e2093e4491439e62287d0d493fe07cce110db070b54c0be"},
    {url = "https://pypi.tuna.tsinghua.edu.cn/packages/f7/76/29e8e24a4967eb40fdf2f525aae53a1fd6e606382d957aa403f3f12ea235/pywin32-227-cp36-cp36m-win_amd64.whl", hash = "sha256:9b31e009564fb95db160f154e2aa195ed66bcc4c058ed72850d047141b36f3a2"},
]
"requests 2.27.1" = [
    {url = "https://pypi.tuna.tsinghua.edu.cn/packages/2d/61/08076519c80041bc0ffa1a8af0cbd3bf3e2b62af10435d269a9d0f40564d/requests-2.27.1-py2.py3-none-any.whl", hash = "sha256:f22fa1e554c9ddfd16e6e41ac79759e17be9e492b3587efa038054674760e72d"},
    {url = "https://pypi.tuna.tsinghua.edu.cn/packages/60/f3/26ff3767f099b73e0efa138a9998da67890793bfa475d8278f84a30fec77/requests-2.27.1.tar.gz", hash = "sha256:68d7c56fd5a8999887728ef304a6d12edc7be74f1cfa47714fc8b414525c9a61"},
]
"rich 10.11.0" = [
    {url = "https://pypi.tuna.tsinghua.edu.cn/packages/57/3f/a8ba181148dcb9184cb0afac66d075fce60f06f926ce9cdab3dc61fd6497/rich-10.11.0.tar.gz", hash = "sha256:016fa105f34b69c434e7f908bb5bd7fefa9616efdb218a2917117683a6394ce5"},
    {url = "https://pypi.tuna.tsinghua.edu.cn/packages/df/c8/29044e2f495c60835349633874b07a05acc37339adb7ae749d0d33418235/rich-10.11.0-py3-none-any.whl", hash = "sha256:44bb3f9553d00b3c8938abf89828df870322b9ba43caf3b12bb7758debdc6dec"},
]
"tomli 1.2.3" = [
    {url = "https://pypi.tuna.tsinghua.edu.cn/packages/05/e4/74f9440db36734d7ba83c574c1e7024009ce849208a41f90e94a134dc6d1/tomli-1.2.3-py3-none-any.whl", hash = "sha256:e3069e4be3ead9668e21cb9b074cd948f7b3113fd9c8bba083f48247aab8b11c"},
    {url = "https://pypi.tuna.tsinghua.edu.cn/packages/fb/2e/d0a8276b0cf9b9e34fd0660c330acc59656f53bb2209adc75af863a3582d/tomli-1.2.3.tar.gz", hash = "sha256:05b6166bff487dc068d322585c7ea4ef78deed501cc124060e0f238e89a9231f"},
]
"typed-ast 1.5.4" = [
    {url = "https://pypi.tuna.tsinghua.edu.cn/packages/04/93/482d12fd3334b53ec4087e658ab161ab23affcf8b052166b4cf972ca673b/typed_ast-1.5.4-cp37-cp37m-manylinux_2_5_x86_64.manylinux1_x86_64.manylinux_2_12_x86_64.manylinux2010_x86_64.whl", hash = "sha256:6778e1b2f81dfc7bc58e4b259363b83d2e509a65198e85d5700dfae4c6c8ff1c"},
    {url = "https://pypi.tuna.tsinghua.edu.cn/packages/07/d2/d55702e8deba2c80282fea0df53130790d8f398648be589750954c2dcce4/typed_ast-1.5.4.tar.gz", hash = "sha256:39e21ceb7388e4bb37f4c679d72707ed46c2fbf2a5609b8b8ebc4b067d977df2"},
    {url = "https://pypi.tuna.tsinghua.edu.cn/packages/0b/e7/8ec06fc870254889198f933a595f139b7871b24bab1116d6128440731ea9/typed_ast-1.5.4-cp39-cp39-macosx_11_0_arm64.whl", hash = "sha256:3e123d878ba170397916557d31c8f589951e353cc95fb7f24f6bb69adc1a8a97"},
    {url = "https://pypi.tuna.tsinghua.edu.cn/packages/0f/59/430b86961d63278fcbced5ba72655ee93aa35e8e908bad4ff138480eb25d/typed_ast-1.5.4-cp310-cp310-macosx_10_9_x86_64.whl", hash = "sha256:669dd0c4167f6f2cd9f57041e03c3c2ebf9063d0757dc89f79ba1daa2bfca9d4"},
    {url = "https://pypi.tuna.tsinghua.edu.cn/packages/1a/f6/dd891624aaf98b918d7012b9d01753d0192c4eb18cf33ce616c0e08f62ba/typed_ast-1.5.4-cp37-cp37m-win_amd64.whl", hash = "sha256:0261195c2062caf107831e92a76764c81227dae162c4f75192c0d489faf751a2"},
    {url = "https://pypi.tuna.tsinghua.edu.cn/packages/2f/87/25abe9558ed6cbd83ad5bfdccf7210a7eefaaf0232f86de99f65992e91fd/typed_ast-1.5.4-cp38-cp38-macosx_11_0_arm64.whl", hash = "sha256:7d5d014b7daa8b0bf2eaef684295acae12b036d79f54178b92a2b6a56f92278f"},
    {url = "https://pypi.tuna.tsinghua.edu.cn/packages/2f/d5/02059fe6ca70b11bb831007962323160372ca83843e0bf296e8b6d833198/typed_ast-1.5.4-cp39-cp39-manylinux_2_17_aarch64.manylinux2014_aarch64.whl", hash = "sha256:ebd9d7f80ccf7a82ac5f88c521115cc55d84e35bf8b446fcd7836eb6b98929a3"},
    {url = "https://pypi.tuna.tsinghua.edu.cn/packages/34/2d/17fc1845dd5210345904b054c9fa90f451d64df56de0470f429bc8d63d39/typed_ast-1.5.4-cp37-cp37m-macosx_10_9_x86_64.whl", hash = "sha256:cf4afcfac006ece570e32d6fa90ab74a17245b83dfd6655a6f68568098345ff6"},
    {url = "https://pypi.tuna.tsinghua.edu.cn/packages/38/54/48f7d5b1f954f3a4d8f76e1a11c8497ae899b900cd5a67f826fa3937f701/typed_ast-1.5.4-cp36-cp36m-manylinux_2_17_aarch64.manylinux2014_aarch64.whl", hash = "sha256:a94d55d142c9265f4ea46fab70977a1944ecae359ae867397757d836ea5a3f47"},
    {url = "https://pypi.tuna.tsinghua.edu.cn/packages/40/1a/5731a1a3908f60032aead10c2ffc9af12ee708bc9a156ed14a5065a9873a/typed_ast-1.5.4-cp38-cp38-manylinux_2_5_x86_64.manylinux1_x86_64.manylinux_2_12_x86_64.manylinux2010_x86_64.whl", hash = "sha256:4e964b4ff86550a7a7d56345c7864b18f403f5bd7380edf44a3c1fb4ee7ac6c6"},
    {url = "https://pypi.tuna.tsinghua.edu.cn/packages/48/6c/d96a545d337589dc5d7ecc0f8991122800ffec8dc10a24090619883b515e/typed_ast-1.5.4-cp310-cp310-macosx_11_0_arm64.whl", hash = "sha256:211260621ab1cd7324e0798d6be953d00b74e0428382991adfddb352252f1d62"},
    {url = "https://pypi.tuna.tsinghua.edu.cn/packages/4e/c1/cddc664ed3dd7d6bb62c80286c4e088b10556efc9a8db2049b425f8f23f7/typed_ast-1.5.4-cp36-cp36m-macosx_10_9_x86_64.whl", hash = "sha256:79b1e0869db7c830ba6a981d58711c88b6677506e648496b1f64ac7d15633aec"},
    {url = "https://pypi.tuna.tsinghua.edu.cn/packages/5c/e3/f539e658614ebf5a521c8ba7cbbb98afc5f5e90ddb0332ea22c164612dad/typed_ast-1.5.4-cp38-cp38-win_amd64.whl", hash = "sha256:683407d92dc953c8a7347119596f0b0e6c55eb98ebebd9b23437501b28dcbb8e"},
    {url = "https://pypi.tuna.tsinghua.edu.cn/packages/70/2c/6d18e111d2c5422bb9e561bbf36885e430407859b2adef9b3fb575f189d5/typed_ast-1.5.4-cp36-cp36m-win_amd64.whl", hash = "sha256:639c5f0b21776605dd6c9dbe592d5228f021404dafd377e2b7ac046b0349b1a1"},
    {url = "https://pypi.tuna.tsinghua.edu.cn/packages/78/18/3ecf5043f227ebd4a43af57e18e6a38f9fe0b81dbfbb8d62eec669d7b69e/typed_ast-1.5.4-cp38-cp38-manylinux_2_17_aarch64.manylinux2014_aarch64.whl", hash = "sha256:370788a63915e82fd6f212865a596a0fefcbb7d408bbbb13dea723d971ed8bdc"},
    {url = "https://pypi.tuna.tsinghua.edu.cn/packages/96/35/612258bab9e1867b28e3137910df35576b7b0fbb9b6f3013cc23435a79ed/typed_ast-1.5.4-cp310-cp310-manylinux_2_17_aarch64.manylinux2014_aarch64.whl", hash = "sha256:267e3f78697a6c00c689c03db4876dd1efdfea2f251a5ad6555e82a26847b4ac"},
    {url = "https://pypi.tuna.tsinghua.edu.cn/packages/9b/d5/5540eb496c6817eaee8120fb759c7adb36f91ef647c6bb2877f09acc0569/typed_ast-1.5.4-cp38-cp38-macosx_10_9_x86_64.whl", hash = "sha256:2efae9db7a8c05ad5547d522e7dbe62c83d838d3906a3716d1478b6c1d61388d"},
    {url = "https://pypi.tuna.tsinghua.edu.cn/packages/c4/90/dacf9226b34961277f357c17c33b7cae3f05a5f5b8a1d23bd630d7a97a36/typed_ast-1.5.4-cp310-cp310-manylinux_2_5_x86_64.manylinux1_x86_64.manylinux_2_12_x86_64.manylinux2010_x86_64.whl", hash = "sha256:c542eeda69212fa10a7ada75e668876fdec5f856cd3d06829e6aa64ad17c8dfe"},
    {url = "https://pypi.tuna.tsinghua.edu.cn/packages/ca/da/fbc14befbf19d69d05b4b8b019edbc6554d958037a821c6d5585767fe0ff/typed_ast-1.5.4-cp39-cp39-win_amd64.whl", hash = "sha256:0fdbcf2fef0ca421a3f5912555804296f0b0960f0418c440f5d6d3abb549f3e1"},
    {url = "https://pypi.tuna.tsinghua.edu.cn/packages/cd/f3/188eede730be3f6ddb9a788cd6b7289207c5fceebbf8ae190f9716dd8c05/typed_ast-1.5.4-cp310-cp310-win_amd64.whl", hash = "sha256:a9916d2bb8865f973824fb47436fa45e1ebf2efd920f2b9f99342cb7fab93f72"},
    {url = "https://pypi.tuna.tsinghua.edu.cn/packages/d8/4e/db9505b53c44d7bc324a3d2e09bdf82b0943d6e08b183ae382860f482a87/typed_ast-1.5.4-cp39-cp39-manylinux_2_5_x86_64.manylinux1_x86_64.manylinux_2_12_x86_64.manylinux2010_x86_64.whl", hash = "sha256:98f80dee3c03455e92796b58b98ff6ca0b2a6f652120c263efdba4d6c5e58f72"},
    {url = "https://pypi.tuna.tsinghua.edu.cn/packages/dd/87/09764c19a60a192b935579c93a07e781f6a52def10b723c8c5748e69a863/typed_ast-1.5.4-cp37-cp37m-manylinux_2_17_aarch64.manylinux2014_aarch64.whl", hash = "sha256:ed855bbe3eb3715fca349c80174cfcfd699c2f9de574d40527b8429acae23a66"},
    {url = "https://pypi.tuna.tsinghua.edu.cn/packages/e3/7c/7407838e9c540031439f2948bce2763cdd6882ebb72cc0a25b763c10529e/typed_ast-1.5.4-cp36-cp36m-manylinux_2_5_x86_64.manylinux1_x86_64.manylinux_2_12_x86_64.manylinux2010_x86_64.whl", hash = "sha256:183afdf0ec5b1b211724dfef3d2cad2d767cbefac291f24d69b00546c1837fb6"},
    {url = "https://pypi.tuna.tsinghua.edu.cn/packages/f9/57/89ac0020d5ffc762487376d0c78e5d02af795657f18c411155b73de3c765/typed_ast-1.5.4-cp39-cp39-macosx_10_9_x86_64.whl", hash = "sha256:4879da6c9b73443f97e731b617184a596ac1235fe91f98d279a7af36c796da35"},
]
"typing-extensions 3.10.0.2" = [
    {url = "https://pypi.tuna.tsinghua.edu.cn/packages/74/60/18783336cc7fcdd95dae91d73477830aa53f5d3181ae4fe20491d7fc3199/typing_extensions-3.10.0.2-py3-none-any.whl", hash = "sha256:f1d25edafde516b146ecd0613dabcc61409817af4766fbbcfb8d1ad4ec441a34"},
    {url = "https://pypi.tuna.tsinghua.edu.cn/packages/cc/1e/0310dee9d86a41f003c519ce263f3b931c54852fcb15ec780137b2e53d4e/typing_extensions-3.10.0.2-py2-none-any.whl", hash = "sha256:d8226d10bc02a29bcc81df19a26e56a9647f8b0a6d4a83924139f4a8b01f17b7"},
    {url = "https://pypi.tuna.tsinghua.edu.cn/packages/ed/12/c5079a15cf5c01d7f4252b473b00f7e68ee711be605b9f001528f0298b98/typing_extensions-3.10.0.2.tar.gz", hash = "sha256:49f75d16ff11f1cd258e1b988ccff82a3ca5570217d7ad8c5f48205dd99a677e"},
]
"urllib3 1.26.15" = [
    {url = "https://pypi.tuna.tsinghua.edu.cn/packages/21/79/6372d8c0d0641b4072889f3ff84f279b738cd8595b64c8e0496d4e848122/urllib3-1.26.15.tar.gz", hash = "sha256:8a388717b9476f934a21484e8c8e61875ab60644d29b9b39e11e4b9dc1c6b305"},
    {url = "https://pypi.tuna.tsinghua.edu.cn/packages/7b/f5/890a0baca17a61c1f92f72b81d3c31523c99bec609e60c292ea55b387ae8/urllib3-1.26.15-py2.py3-none-any.whl", hash = "sha256:aa751d169e23c7479ce47a0cb0da579e3ede798f994f5816a74e4f4500dcea42"},
]
"websocket-client 1.3.1" = [
    {url = "https://pypi.tuna.tsinghua.edu.cn/packages/35/21/8614b6de7c35d0bc584da13c45b8b08e404eee28a0504c1d00f5e1aa0a23/websocket_client-1.3.1-py3-none-any.whl", hash = "sha256:074e2ed575e7c822fc0940d31c3ac9bb2b1142c303eafcf3e304e6ce035522e8"},
    {url = "https://pypi.tuna.tsinghua.edu.cn/packages/8d/12/cd10d050f7714ccc675b486cdcbbaed54c782a5b77da2bb82e5c7b31fb40/websocket-client-1.3.1.tar.gz", hash = "sha256:6278a75065395418283f887de7c3beafb3aa68dada5cacbe4b214e8d26da499b"},
]
"zipp 3.6.0" = [
    {url = "https://pypi.tuna.tsinghua.edu.cn/packages/02/bf/0d03dbdedb83afec081fefe86cae3a2447250ef1a81ac601a9a56e785401/zipp-3.6.0.tar.gz", hash = "sha256:71c644c5369f4a6e07636f0aa966270449561fcea2e3d6747b8d23efaa9d7832"},
    {url = "https://pypi.tuna.tsinghua.edu.cn/packages/bd/df/d4a4974a3e3957fd1c1fa3082366d7fff6e428ddb55f074bf64876f8e8ad/zipp-3.6.0-py3-none-any.whl", hash = "sha256:9fe5ea21568a0a70e50f273397638d39b03353731e6cbbb3fd8502a33fec40bc"},
]
